
Microsoft Visual Studio Solution File, Format Version 12.00
# Visual Studio Version 17
VisualStudioVersion = 17.11.35219.272
MinimumVisualStudioVersion = 10.0.40219.1
Project("{FAE04EC0-301F-11D3-BF4B-00C04F79EFBC}") = "DeckBuilder", "DeckBuilder\DeckBuilder.csproj", "{AE61D1A3-9399-4A4F-AF1F-0CF4251C02E3}"
EndProject
Global
	GlobalSection(SolutionConfigurationPlatforms) = preSolution
		Debug|Any CPU = Debug|Any CPU
		Release|Any CPU = Release|Any CPU
	EndGlobalSection
	GlobalSection(ProjectConfigurationPlatforms) = postSolution
		{AE61D1A3-9399-4A4F-AF1F-0CF4251C02E3}.Debug|Any CPU.ActiveCfg = Debug|Any CPU
		{AE61D1A3-9399-4A4F-AF1F-0CF4251C02E3}.Debug|Any CPU.Build.0 = Debug|Any CPU
		{AE61D1A3-9399-4A4F-AF1F-0CF4251C02E3}.Release|Any CPU.ActiveCfg = Release|Any CPU
		{AE61D1A3-9399-4A4F-AF1F-0CF4251C02E3}.Release|Any CPU.Build.0 = Release|Any CPU
	EndGlobalSection
	GlobalSection(SolutionProperties) = preSolution
		HideSolutionNode = FALSE
	EndGlobalSection
	GlobalSection(ExtensibilityGlobals) = postSolution
		SolutionGuid = {447A2C2A-16DC-4F77-ABE4-37BA43AD3492}
	EndGlobalSection
EndGlobal
